// !$*UTF8*$!
{
	archiveVersion = 1;
	classes = {
	};
	objectVersion = 77;
	objects = {

/* Begin PBXContainerItemProxy section */
		AAA757B72D1902680092A484 /* PBXContainerItemProxy */ = {
			isa = PBXContainerItemProxy;
			containerPortal = AAA7579D2D1902660092A484 /* Project object */;
			proxyType = 1;
			remoteGlobalIDString = AAA757A42D1902660092A484;
			remoteInfo = Murmur;
		};
		AAA757C12D1902680092A484 /* PBXContainerItemProxy */ = {
			isa = PBXContainerItemProxy;
			containerPortal = AAA7579D2D1902660092A484 /* Project object */;
			proxyType = 1;
			remoteGlobalIDString = AAA757A42D1902660092A484;
			remoteInfo = Murmur;
		};
/* End PBXContainerItemProxy section */

/* Begin PBXFileReference section */
		AAA757A52D1902660092A484 /* CapyMuMu.app */ = {isa = PBXFileReference; explicitFileType = wrapper.application; includeInIndex = 0; path = CapyMuMu.app; sourceTree = BUILT_PRODUCTS_DIR; };
		AAA757B62D1902680092A484 /* CapyMuMuTests.xctest */ = {isa = PBXFileReference; explicitFileType = wrapper.cfbundle; includeInIndex = 0; path = CapyMuMuTests.xctest; sourceTree = BUILT_PRODUCTS_DIR; };
		AAA757C02D1902680092A484 /* CapyMuMuUITests.xctest */ = {isa = PBXFileReference; explicitFileType = wrapper.cfbundle; includeInIndex = 0; path = CapyMuMuUITests.xctest; sourceTree = BUILT_PRODUCTS_DIR; };
		AAA757D32D1902890092A484 /* Info.plist */ = {isa = PBXFileReference; lastKnownFileType = text.plist.xml; path = Info.plist; sourceTree = "<group>"; };
/* End PBXFileReference section */

/* Begin PBXFileSystemSynchronizedRootGroup section */
		AAA757A72D1902660092A484 /* CapyMuMu */ = {
			isa = PBXFileSystemSynchronizedRootGroup;
			path = CapyMuMu;
			sourceTree = "<group>";
		};
		AAA757B92D1902680092A484 /* CapyMuMuTests */ = {
			isa = PBXFileSystemSynchronizedRootGroup;
			path = CapyMuMuTests;
			sourceTree = "<group>";
		};
		AAA757C32D1902680092A484 /* CapyMuMuUITests */ = {
			isa = PBXFileSystemSynchronizedRootGroup;
			path = CapyMuMuUITests;
			sourceTree = "<group>";
		};
/* End PBXFileSystemSynchronizedRootGroup section */

/* Begin PBXFrameworksBuildPhase section */
		AAA757A22D1902660092A484 /* Frameworks */ = {
			isa = PBXFrameworksBuildPhase;
			buildActionMask = 2147483647;
			files = (
			);
			runOnlyForDeploymentPostprocessing = 0;
		};
		AAA757B32D1902680092A484 /* Frameworks */ = {
			isa = PBXFrameworksBuildPhase;
			buildActionMask = 2147483647;
			files = (
			);
			runOnlyForDeploymentPostprocessing = 0;
		};
		AAA757BD2D1902680092A484 /* Frameworks */ = {
			isa = PBXFrameworksBuildPhase;
			buildActionMask = 2147483647;
			files = (
			);
			runOnlyForDeploymentPostprocessing = 0;
		};
/* End PBXFrameworksBuildPhase section */

/* Begin PBXGroup section */
		AAA7579C2D1902660092A484 = {
			isa = PBXGroup;
			children = (
				AAA757A72D1902660092A484 /* CapyMuMu */,
				AAA757B92D1902680092A484 /* CapyMuMuTests */,
				AAA757C32D1902680092A484 /* CapyMuMuUITests */,
				AAA757A62D1902660092A484 /* Products */,
				AAA757D32D1902890092A484 /* Info.plist */,
			);
			sourceTree = "<group>";
		};
		AAA757A62D1902660092A484 /* Products */ = {
			isa = PBXGroup;
			children = (
				AAA757A52D1902660092A484 /* CapyMuMu.app */,
				AAA757B62D1902680092A484 /* CapyMuMuTests.xctest */,
				AAA757C02D1902680092A484 /* CapyMuMuUITests.xctest */,
			);
			name = Products;
			sourceTree = "<group>";
		};
/* End PBXGroup section */

/* Begin PBXNativeTarget section */
		AAA757A42D1902660092A484 /* CapyMuMuApp */ = {
			isa = PBXNativeTarget;
			buildConfigurationList = AAA757CA2D1902680092A484 /* Build configuration list for PBXNativeTarget "CapyMuMuApp" */;
			buildPhases = (
				AAA757A12D1902660092A484 /* Sources */,
				AAA757A22D1902660092A484 /* Frameworks */,
				AAA757A32D1902660092A484 /* Resources */,
			);
			buildRules = (
			);
			dependencies = (
			);
			fileSystemSynchronizedGroups = (
				AAA757A72D1902660092A484 /* CapyMuMu */,
			);
			name = CapyMuMuApp;
			packageProductDependencies = (
			);
			productName = Murmur;
			productReference = AAA757A52D1902660092A484 /* CapyMuMu.app */;
			productType = "com.apple.product-type.application";
		};
		AAA757B52D1902680092A484 /* CapyMuMuTests */ = {
			isa = PBXNativeTarget;
			buildConfigurationList = AAA757CD2D1902680092A484 /* Build configuration list for PBXNativeTarget "CapyMuMuTests" */;
			buildPhases = (
				AAA757B22D1902680092A484 /* Sources */,
				AAA757B32D1902680092A484 /* Frameworks */,
				AAA757B42D1902680092A484 /* Resources */,
			);
			buildRules = (
			);
			dependencies = (
				AAA757B82D1902680092A484 /* PBXTargetDependency */,
			);
			fileSystemSynchronizedGroups = (
				AAA757B92D1902680092A484 /* CapyMuMuTests */,
			);
			name = CapyMuMuTests;
			packageProductDependencies = (
			);
			productName = MurmurTests;
			productReference = AAA757B62D1902680092A484 /* CapyMuMuTests.xctest */;
			productType = "com.apple.product-type.bundle.unit-test";
		};
		AAA757BF2D1902680092A484 /* CapyMuMuUITests */ = {
			isa = PBXNativeTarget;
			buildConfigurationList = AAA757D02D1902680092A484 /* Build configuration list for PBXNativeTarget "CapyMuMuUITests" */;
			buildPhases = (
				AAA757BC2D1902680092A484 /* Sources */,
				AAA757BD2D1902680092A484 /* Frameworks */,
				AAA757BE2D1902680092A484 /* Resources */,
			);
			buildRules = (
			);
			dependencies = (
				AAA757C22D1902680092A484 /* PBXTargetDependency */,
			);
			fileSystemSynchronizedGroups = (
				AAA757C32D1902680092A484 /* CapyMuMuUITests */,
			);
			name = CapyMuMuUITests;
			packageProductDependencies = (
			);
			productName = MurmurUITests;
			productReference = AAA757C02D1902680092A484 /* CapyMuMuUITests.xctest */;
			productType = "com.apple.product-type.bundle.ui-testing";
		};
/* End PBXNativeTarget section */

/* Begin PBXProject section */
		AAA7579D2D1902660092A484 /* Project object */ = {
			isa = PBXProject;
			attributes = {
				BuildIndependentTargetsInParallel = 1;
				LastSwiftUpdateCheck = 1620;
				LastUpgradeCheck = 1620;
				TargetAttributes = {
					AAA757A42D1902660092A484 = {
						CreatedOnToolsVersion = 16.2;
					};
					AAA757B52D1902680092A484 = {
						CreatedOnToolsVersion = 16.2;
						TestTargetID = AAA757A42D1902660092A484;
					};
					AAA757BF2D1902680092A484 = {
						CreatedOnToolsVersion = 16.2;
						TestTargetID = AAA757A42D1902660092A484;
					};
				};
			};
			buildConfigurationList = AAA757A02D1902660092A484 /* Build configuration list for PBXProject "CapyMuMu" */;
			developmentRegion = "zh-Hans";
			hasScannedForEncodings = 0;
			knownRegions = (
				en,
				Base,
				"zh-Hans",
			);
			mainGroup = AAA7579C2D1902660092A484;
			minimizedProjectReferenceProxies = 1;
			preferredProjectObjectVersion = 77;
			productRefGroup = AAA757A62D1902660092A484 /* Products */;
			projectDirPath = "";
			projectRoot = "";
			targets = (
				AAA757A42D1902660092A484 /* CapyMuMuApp */,
				AAA757B52D1902680092A484 /* CapyMuMuTests */,
				AAA757BF2D1902680092A484 /* CapyMuMuUITests */,
			);
		};
/* End PBXProject section */

/* Begin PBXResourcesBuildPhase section */
		AAA757A32D1902660092A484 /* Resources */ = {
			isa = PBXResourcesBuildPhase;
			buildActionMask = 2147483647;
			files = (
			);
			runOnlyForDeploymentPostprocessing = 0;
		};
		AAA757B42D1902680092A484 /* Resources */ = {
			isa = PBXResourcesBuildPhase;
			buildActionMask = 2147483647;
			files = (
			);
			runOnlyForDeploymentPostprocessing = 0;
		};
		AAA757BE2D1902680092A484 /* Resources */ = {
			isa = PBXResourcesBuildPhase;
			buildActionMask = 2147483647;
			files = (
			);
			runOnlyForDeploymentPostprocessing = 0;
		};
/* End PBXResourcesBuildPhase section */

/* Begin PBXSourcesBuildPhase section */
		AAA757A12D1902660092A484 /* Sources */ = {
			isa = PBXSourcesBuildPhase;
			buildActionMask = 2147483647;
			files = (
			);
			runOnlyForDeploymentPostprocessing = 0;
		};
		AAA757B22D1902680092A484 /* Sources */ = {
			isa = PBXSourcesBuildPhase;
			buildActionMask = 2147483647;
			files = (
			);
			runOnlyForDeploymentPostprocessing = 0;
		};
		AAA757BC2D1902680092A484 /* Sources */ = {
			isa = PBXSourcesBuildPhase;
			buildActionMask = 2147483647;
			files = (
			);
			runOnlyForDeploymentPostprocessing = 0;
		};
/* End PBXSourcesBuildPhase section */

/* Begin PBXTargetDependency section */
		AAA757B82D1902680092A484 /* PBXTargetDependency */ = {
			isa = PBXTargetDependency;
			target = AAA757A42D1902660092A484 /* CapyMuMuApp */;
			targetProxy = AAA757B72D1902680092A484 /* PBXContainerItemProxy */;
		};
		AAA757C22D1902680092A484 /* PBXTargetDependency */ = {
			isa = PBXTargetDependency;
			target = AAA757A42D1902660092A484 /* CapyMuMuApp */;
			targetProxy = AAA757C12D1902680092A484 /* PBXContainerItemProxy */;
		};
/* End PBXTargetDependency section */

/* Begin XCBuildConfiguration section */
		AAA757C82D1902680092A484 /* Debug */ = {
			isa = XCBuildConfiguration;
			buildSettings = {
				ALWAYS_SEARCH_USER_PATHS = NO;
				"ARCHS[sdk=*]" = "$(ARCHS_STANDARD)";
				ASSETCATALOG_COMPILER_GENERATE_SWIFT_ASSET_SYMBOL_EXTENSIONS = YES;
				CLANG_ANALYZER_NONNULL = YES;
				CLANG_ANALYZER_NUMBER_OBJECT_CONVERSION = YES_AGGRESSIVE;
				CLANG_CXX_LANGUAGE_STANDARD = "gnu++20";
				CLANG_ENABLE_MODULES = YES;
				CLANG_ENABLE_OBJC_ARC = YES;
				CLANG_ENABLE_OBJC_WEAK = YES;
				CLANG_WARN_BLOCK_CAPTURE_AUTORELEASING = YES;
				CLANG_WARN_BOOL_CONVERSION = YES;
				CLANG_WARN_COMMA = YES;
				CLANG_WARN_CONSTANT_CONVERSION = YES;
				CLANG_WARN_DEPRECATED_OBJC_IMPLEMENTATIONS = YES;
				CLANG_WARN_DIRECT_OBJC_ISA_USAGE = YES_ERROR;
				CLANG_WARN_DOCUMENTATION_COMMENTS = YES;
				CLANG_WARN_EMPTY_BODY = YES;
				CLANG_WARN_ENUM_CONVERSION = YES;
				CLANG_WARN_INFINITE_RECURSION = YES;
				CLANG_WARN_INT_CONVERSION = YES;
				CLANG_WARN_NON_LITERAL_NULL_CONVERSION = YES;
				CLANG_WARN_OBJC_IMPLICIT_RETAIN_SELF = YES;
				CLANG_WARN_OBJC_LITERAL_CONVERSION = YES;
				CLANG_WARN_OBJC_ROOT_CLASS = YES_ERROR;
				CLANG_WARN_QUOTED_INCLUDE_IN_FRAMEWORK_HEADER = YES;
				CLANG_WARN_RANGE_LOOP_ANALYSIS = YES;
				CLANG_WARN_STRICT_PROTOTYPES = YES;
				CLANG_WARN_SUSPICIOUS_MOVE = YES;
				CLANG_WARN_UNGUARDED_AVAILABILITY = YES_AGGRESSIVE;
				CLANG_WARN_UNREACHABLE_CODE = YES;
				CLANG_WARN__DUPLICATE_METHOD_MATCH = YES;
				COPY_PHASE_STRIP = NO;
				DEBUG_INFORMATION_FORMAT = dwarf;
				ENABLE_STRICT_OBJC_MSGSEND = YES;
				ENABLE_USER_SCRIPT_SANDBOXING = YES;
				GCC_C_LANGUAGE_STANDARD = gnu17;
				GCC_DYNAMIC_NO_PIC = NO;
				GCC_NO_COMMON_BLOCKS = YES;
				GCC_OPTIMIZATION_LEVEL = 0;
				GCC_PREPROCESSOR_DEFINITIONS = (
					"DEBUG=1",
					"$(inherited)",
				);
				GCC_WARN_64_TO_32_BIT_CONVERSION = YES;
				GCC_WARN_ABOUT_RETURN_TYPE = YES_ERROR;
				GCC_WARN_UNDECLARED_SELECTOR = YES;
				GCC_WARN_UNINITIALIZED_AUTOS = YES_AGGRESSIVE;
				GCC_WARN_UNUSED_FUNCTION = YES;
				GCC_WARN_UNUSED_VARIABLE = YES;
				INFOPLIST_KEY_LSUIElement = YES;
				LOCALIZATION_PREFERS_STRING_CATALOGS = YES;
				MACOSX_DEPLOYMENT_TARGET = 14.6;
				MTL_ENABLE_DEBUG_INFO = INCLUDE_SOURCE;
				MTL_FAST_MATH = YES;
				ONLY_ACTIVE_ARCH = YES;
				"PROVISIONING_PROFILE_SPECIFIER[sdk=*]" = "";
				SDKROOT = macosx;
				SWIFT_ACTIVE_COMPILATION_CONDITIONS = "DEBUG $(inherited)";
				SWIFT_OPTIMIZATION_LEVEL = "-Onone";
			};
			name = Debug;
		};
		AAA757C92D1902680092A484 /* Release */ = {
			isa = XCBuildConfiguration;
			buildSettings = {
				ALWAYS_SEARCH_USER_PATHS = NO;
				"ARCHS[sdk=*]" = "$(ARCHS_STANDARD)";
				ASSETCATALOG_COMPILER_GENERATE_SWIFT_ASSET_SYMBOL_EXTENSIONS = YES;
				CLANG_ANALYZER_NONNULL = YES;
				CLANG_ANALYZER_NUMBER_OBJECT_CONVERSION = YES_AGGRESSIVE;
				CLANG_CXX_LANGUAGE_STANDARD = "gnu++20";
				CLANG_ENABLE_MODULES = YES;
				CLANG_ENABLE_OBJC_ARC = YES;
				CLANG_ENABLE_OBJC_WEAK = YES;
				CLANG_WARN_BLOCK_CAPTURE_AUTORELEASING = YES;
				CLANG_WARN_BOOL_CONVERSION = YES;
				CLANG_WARN_COMMA = YES;
				CLANG_WARN_CONSTANT_CONVERSION = YES;
				CLANG_WARN_DEPRECATED_OBJC_IMPLEMENTATIONS = YES;
				CLANG_WARN_DIRECT_OBJC_ISA_USAGE = YES_ERROR;
				CLANG_WARN_DOCUMENTATION_COMMENTS = YES;
				CLANG_WARN_EMPTY_BODY = YES;
				CLANG_WARN_ENUM_CONVERSION = YES;
				CLANG_WARN_INFINITE_RECURSION = YES;
				CLANG_WARN_INT_CONVERSION = YES;
				CLANG_WARN_NON_LITERAL_NULL_CONVERSION = YES;
				CLANG_WARN_OBJC_IMPLICIT_RETAIN_SELF = YES;
				CLANG_WARN_OBJC_LITERAL_CONVERSION = YES;
				CLANG_WARN_OBJC_ROOT_CLASS = YES_ERROR;
				CLANG_WARN_QUOTED_INCLUDE_IN_FRAMEWORK_HEADER = YES;
				CLANG_WARN_RANGE_LOOP_ANALYSIS = YES;
				CLANG_WARN_STRICT_PROTOTYPES = YES;
				CLANG_WARN_SUSPICIOUS_MOVE = YES;
				CLANG_WARN_UNGUARDED_AVAILABILITY = YES_AGGRESSIVE;
				CLANG_WARN_UNREACHABLE_CODE = YES;
				CLANG_WARN__DUPLICATE_METHOD_MATCH = YES;
				COPY_PHASE_STRIP = NO;
				DEBUG_INFORMATION_FORMAT = "dwarf-with-dsym";
				ENABLE_NS_ASSERTIONS = NO;
				ENABLE_STRICT_OBJC_MSGSEND = YES;
				ENABLE_USER_SCRIPT_SANDBOXING = YES;
				GCC_C_LANGUAGE_STANDARD = gnu17;
				GCC_NO_COMMON_BLOCKS = YES;
				GCC_WARN_64_TO_32_BIT_CONVERSION = YES;
				GCC_WARN_ABOUT_RETURN_TYPE = YES_ERROR;
				GCC_WARN_UNDECLARED_SELECTOR = YES;
				GCC_WARN_UNINITIALIZED_AUTOS = YES_AGGRESSIVE;
				GCC_WARN_UNUSED_FUNCTION = YES;
				GCC_WARN_UNUSED_VARIABLE = YES;
				INFOPLIST_KEY_LSUIElement = YES;
				LOCALIZATION_PREFERS_STRING_CATALOGS = YES;
				MACOSX_DEPLOYMENT_TARGET = 14.6;
				MTL_ENABLE_DEBUG_INFO = NO;
				MTL_FAST_MATH = YES;
				"PROVISIONING_PROFILE_SPECIFIER[sdk=*]" = "";
				SDKROOT = macosx;
				SWIFT_COMPILATION_MODE = wholemodule;
			};
			name = Release;
		};
		AAA757CB2D1902680092A484 /* Debug */ = {
			isa = XCBuildConfiguration;
			buildSettings = {
				"ARCHS[sdk=*]" = "$(ARCHS_STANDARD)";
				ASSETCATALOG_COMPILER_APPICON_NAME = AppIcon;
				"ASSETCATALOG_COMPILER_APPICON_NAME[sdk=macosx*]" = AppIcon;
				ASSETCATALOG_COMPILER_GLOBAL_ACCENT_COLOR_NAME = AccentColor;
				ASSETCATALOG_COMPILER_INCLUDE_ALL_APPICON_ASSETS = YES;
				CODE_SIGN_ENTITLEMENTS = CapyMuMu/CapyMuMu.entitlements;
				CODE_SIGN_IDENTITY = "Apple Development";
				"CODE_SIGN_IDENTITY[sdk=macosx*]" = "-";
				CODE_SIGN_STYLE = Automatic;
				COMBINE_HIDPI_IMAGES = YES;
				CURRENT_PROJECT_VERSION = 2;
				DEVELOPMENT_ASSET_PATHS = "\"CapyMuMu/Preview Content\"";
				DEVELOPMENT_TEAM = NJ84T58273;
				ENABLE_HARDENED_RUNTIME = YES;
				ENABLE_PREVIEWS = YES;
				GENERATE_INFOPLIST_FILE = NO;
				INFOPLIST_FILE = Info.plist;
				INFOPLIST_KEY_CFBundleDisplayName = CapyMuMu;
				INFOPLIST_KEY_LSApplicationCategoryType = "public.app-category.healthcare-fitness";
				INFOPLIST_KEY_LSUIElement = YES;
				INFOPLIST_KEY_NSHumanReadableCopyright = "";
				LD_RUNPATH_SEARCH_PATHS = (
					"$(inherited)",
					"@executable_path/../Frameworks",
				);
				MACOSX_DEPLOYMENT_TARGET = 14.0;
				MARKETING_VERSION = 1.0.1;
				PRODUCT_BUNDLE_IDENTIFIER = com.MurmurApp;
				PRODUCT_NAME = CapyMuMu;
				PROVISIONING_PROFILE_SPECIFIER = "";
				SWIFT_EMIT_LOC_STRINGS = YES;
				SWIFT_VERSION = 5.0;
			};
			name = Debug;
		};
		AAA757CC2D1902680092A484 /* Release */ = {
			isa = XCBuildConfiguration;
			buildSettings = {
				"ARCHS[sdk=*]" = "$(ARCHS_STANDARD)";
				ASSETCATALOG_COMPILER_APPICON_NAME = AppIcon;
				"ASSETCATALOG_COMPILER_APPICON_NAME[sdk=macosx*]" = AppIcon;
				ASSETCATALOG_COMPILER_GLOBAL_ACCENT_COLOR_NAME = AccentColor;
				ASSETCATALOG_COMPILER_INCLUDE_ALL_APPICON_ASSETS = YES;
				CODE_SIGN_ENTITLEMENTS = CapyMuMu/CapyMuMu.entitlements;
				CODE_SIGN_IDENTITY = "Apple Development";
				"CODE_SIGN_IDENTITY[sdk=macosx*]" = "-";
				CODE_SIGN_STYLE = Automatic;
				COMBINE_HIDPI_IMAGES = YES;
				CURRENT_PROJECT_VERSION = 2;
				DEVELOPMENT_ASSET_PATHS = "\"CapyMuMu/Preview Content\"";
				DEVELOPMENT_TEAM = NJ84T58273;
				ENABLE_HARDENED_RUNTIME = YES;
				ENABLE_PREVIEWS = YES;
				GENERATE_INFOPLIST_FILE = NO;
				INFOPLIST_FILE = Info.plist;
				INFOPLIST_KEY_CFBundleDisplayName = CapyMuMu;
				INFOPLIST_KEY_LSApplicationCategoryType = "public.app-category.healthcare-fitness";
				INFOPLIST_KEY_LSUIElement = YES;
				INFOPLIST_KEY_NSHumanReadableCopyright = "";
				LD_RUNPATH_SEARCH_PATHS = (
					"$(inherited)",
					"@executable_path/../Frameworks",
				);
				MACOSX_DEPLOYMENT_TARGET = 14.0;
				MARKETING_VERSION = 1.0.1;
				PRODUCT_BUNDLE_IDENTIFIER = com.MurmurApp;
				PRODUCT_NAME = CapyMuMu;
				PROVISIONING_PROFILE_SPECIFIER = "";
				SWIFT_EMIT_LOC_STRINGS = YES;
				SWIFT_VERSION = 5.0;
			};
			name = Release;
		};
		AAA757CE2D1902680092A484 /* Debug */ = {
			isa = XCBuildConfiguration;
			buildSettings = {
				BUNDLE_LOADER = "$(TEST_HOST)";
				CODE_SIGN_STYLE = Automatic;
				CURRENT_PROJECT_VERSION = 1;
				DEVELOPMENT_TEAM = NJ84T58273;
				GENERATE_INFOPLIST_FILE = YES;
				INFOPLIST_KEY_LSUIElement = YES;
				MACOSX_DEPLOYMENT_TARGET = 15.2;
				MARKETING_VERSION = 1.0;
				PRODUCT_BUNDLE_IDENTIFIER = com.MurmurTests;
				PRODUCT_NAME = "$(TARGET_NAME)";
				SWIFT_EMIT_LOC_STRINGS = NO;
				SWIFT_VERSION = 5.0;
				TEST_HOST = "$(BUILT_PRODUCTS_DIR)/CapyMuMu.app/$(BUNDLE_EXECUTABLE_FOLDER_PATH)/CapyMuMu";
			};
			name = Debug;
		};
		AAA757CF2D1902680092A484 /* Release */ = {
			isa = XCBuildConfiguration;
			buildSettings = {
				BUNDLE_LOADER = "$(TEST_HOST)";
				CODE_SIGN_STYLE = Automatic;
				CURRENT_PROJECT_VERSION = 1;
				DEVELOPMENT_TEAM = NJ84T58273;
				GENERATE_INFOPLIST_FILE = YES;
				INFOPLIST_KEY_LSUIElement = YES;
				MACOSX_DEPLOYMENT_TARGET = 15.2;
				MARKETING_VERSION = 1.0;
				PRODUCT_BUNDLE_IDENTIFIER = com.MurmurTests;
				PRODUCT_NAME = "$(TARGET_NAME)";
				SWIFT_EMIT_LOC_STRINGS = NO;
				SWIFT_VERSION = 5.0;
				TEST_HOST = "$(BUILT_PRODUCTS_DIR)/CapyMuMu.app/$(BUNDLE_EXECUTABLE_FOLDER_PATH)/CapyMuMu";
			};
			name = Release;
		};
		AAA757D12D1902680092A484 /* Debug */ = {
			isa = XCBuildConfiguration;
			buildSettings = {
				CODE_SIGN_STYLE = Automatic;
				CURRENT_PROJECT_VERSION = 1;
				DEVELOPMENT_TEAM = NJ84T58273;
				GENERATE_INFOPLIST_FILE = YES;
				INFOPLIST_KEY_LSUIElement = YES;
				MARKETING_VERSION = 1.0;
				PRODUCT_BUNDLE_IDENTIFIER = com.MurmurUITests;
				PRODUCT_NAME = "$(TARGET_NAME)";
				SWIFT_EMIT_LOC_STRINGS = NO;
				SWIFT_VERSION = 5.0;
				TEST_TARGET_NAME = Murmur;
			};
			name = Debug;
		};
		AAA757D22D1902680092A484 /* Release */ = {
			isa = XCBuildConfiguration;
			buildSettings = {
				CODE_SIGN_STYLE = Automatic;
				CURRENT_PROJECT_VERSION = 1;
				DEVELOPMENT_TEAM = NJ84T58273;
				GENERATE_INFOPLIST_FILE = YES;
				INFOPLIST_KEY_LSUIElement = YES;
				MARKETING_VERSION = 1.0;
				PRODUCT_BUNDLE_IDENTIFIER = com.MurmurUITests;
				PRODUCT_NAME = "$(TARGET_NAME)";
				SWIFT_EMIT_LOC_STRINGS = NO;
				SWIFT_VERSION = 5.0;
				TEST_TARGET_NAME = Murmur;
			};
			name = Release;
		};
/* End XCBuildConfiguration section */

/* Begin XCConfigurationList section */
		AAA757A02D1902660092A484 /* Build configuration list for PBXProject "CapyMuMu" */ = {
			isa = XCConfigurationList;
			buildConfigurations = (
				AAA757C82D1902680092A484 /* Debug */,
				AAA757C92D1902680092A484 /* Release */,
			);
			defaultConfigurationIsVisible = 0;
			defaultConfigurationName = Release;
		};
		AAA757CA2D1902680092A484 /* Build configuration list for PBXNativeTarget "CapyMuMuApp" */ = {
			isa = XCConfigurationList;
			buildConfigurations = (
				AAA757CB2D1902680092A484 /* Debug */,
				AAA757CC2D1902680092A484 /* Release */,
			);
			defaultConfigurationIsVisible = 0;
			defaultConfigurationName = Release;
		};
		AAA757CD2D1902680092A484 /* Build configuration list for PBXNativeTarget "CapyMuMuTests" */ = {
			isa = XCConfigurationList;
			buildConfigurations = (
				AAA757CE2D1902680092A484 /* Debug */,
				AAA757CF2D1902680092A484 /* Release */,
			);
			defaultConfigurationIsVisible = 0;
			defaultConfigurationName = Release;
		};
		AAA757D02D1902680092A484 /* Build configuration list for PBXNativeTarget "CapyMuMuUITests" */ = {
			isa = XCConfigurationList;
			buildConfigurations = (
				AAA757D12D1902680092A484 /* Debug */,
				AAA757D22D1902680092A484 /* Release */,
			);
			defaultConfigurationIsVisible = 0;
			defaultConfigurationName = Release;
		};
/* End XCConfigurationList section */
	};
	rootObject = AAA7579D2D1902660092A484 /* Project object */;
}
